
Microsoft Visual Studio Solution File, Format Version 12.00
# Visual Studio 15
VisualStudioVersion = 15.0.28307.421
MinimumVisualStudioVersion = 10.0.40219.1
Project("{FAE04EC0-301F-11D3-BF4B-00C04F79EFBC}") = "Bank.WebApi", "Bank\Bank.WebApi.csproj", "{670C5CBC-F0B3-4FBB-97C2-AAB9A5CEDBA4}"
EndProject
Project("{FAE04EC0-301F-11D3-BF4B-00C04F79EFBC}") = "Bank.ViewModels", "Bank.ViewModels\Bank.ViewModels.csproj", "{E58E6BCD-0DA2-489B-AB9F-482B89899044}"
EndProject
Project("{FAE04EC0-301F-11D3-BF4B-00C04F79EFBC}") = "Bank.Service", "Bank.Service\Bank.Service.csproj", "{DB10B097-2773-4CD9-87F2-AFEDEC27BA13}"
EndProject
Project("{FAE04EC0-301F-11D3-BF4B-00C04F79EFBC}") = "Bank.Repository", "Bank.Repository\Bank.Repository.csproj", "{02559466-977F-447B-8CD0-45A6FD2547FB}"
EndProject
Project("{FAE04EC0-301F-11D3-BF4B-00C04F79EFBC}") = "Bank.DataAccess", "Bank.DataAccess\Bank.DataAccess.csproj", "{765AA09A-818D-4099-ABB3-90D559C974ED}"
EndProject
Global
	GlobalSection(SolutionConfigurationPlatforms) = preSolution
		Debug|Any CPU = Debug|Any CPU
		Release|Any CPU = Release|Any CPU
	EndGlobalSection
	GlobalSection(ProjectConfigurationPlatforms) = postSolution
		{670C5CBC-F0B3-4FBB-97C2-AAB9A5CEDBA4}.Debug|Any CPU.ActiveCfg = Debug|Any CPU
		{670C5CBC-F0B3-4FBB-97C2-AAB9A5CEDBA4}.Debug|Any CPU.Build.0 = Debug|Any CPU
		{670C5CBC-F0B3-4FBB-97C2-AAB9A5CEDBA4}.Release|Any CPU.ActiveCfg = Release|Any CPU
		{670C5CBC-F0B3-4FBB-97C2-AAB9A5CEDBA4}.Release|Any CPU.Build.0 = Release|Any CPU
		{E58E6BCD-0DA2-489B-AB9F-482B89899044}.Debug|Any CPU.ActiveCfg = Debug|Any CPU
		{E58E6BCD-0DA2-489B-AB9F-482B89899044}.Debug|Any CPU.Build.0 = Debug|Any CPU
		{E58E6BCD-0DA2-489B-AB9F-482B89899044}.Release|Any CPU.ActiveCfg = Release|Any CPU
		{E58E6BCD-0DA2-489B-AB9F-482B89899044}.Release|Any CPU.Build.0 = Release|Any CPU
		{DB10B097-2773-4CD9-87F2-AFEDEC27BA13}.Debug|Any CPU.ActiveCfg = Debug|Any CPU
		{DB10B097-2773-4CD9-87F2-AFEDEC27BA13}.Debug|Any CPU.Build.0 = Debug|Any CPU
		{DB10B097-2773-4CD9-87F2-AFEDEC27BA13}.Release|Any CPU.ActiveCfg = Release|Any CPU
		{DB10B097-2773-4CD9-87F2-AFEDEC27BA13}.Release|Any CPU.Build.0 = Release|Any CPU
		{02559466-977F-447B-8CD0-45A6FD2547FB}.Debug|Any CPU.ActiveCfg = Debug|Any CPU
		{02559466-977F-447B-8CD0-45A6FD2547FB}.Debug|Any CPU.Build.0 = Debug|Any CPU
		{02559466-977F-447B-8CD0-45A6FD2547FB}.Release|Any CPU.ActiveCfg = Release|Any CPU
		{02559466-977F-447B-8CD0-45A6FD2547FB}.Release|Any CPU.Build.0 = Release|Any CPU
		{765AA09A-818D-4099-ABB3-90D559C974ED}.Debug|Any CPU.ActiveCfg = Debug|Any CPU
		{765AA09A-818D-4099-ABB3-90D559C974ED}.Debug|Any CPU.Build.0 = Debug|Any CPU
		{765AA09A-818D-4099-ABB3-90D559C974ED}.Release|Any CPU.ActiveCfg = Release|Any CPU
		{765AA09A-818D-4099-ABB3-90D559C974ED}.Release|Any CPU.Build.0 = Release|Any CPU
	EndGlobalSection
	GlobalSection(SolutionProperties) = preSolution
		HideSolutionNode = FALSE
	EndGlobalSection
	GlobalSection(ExtensibilityGlobals) = postSolution
		SolutionGuid = {677E09D8-162D-4179-9A78-68B93614FA85}
	EndGlobalSection
EndGlobal
